
Microsoft Visual Studio Solution File, Format Version 12.00
# Visual Studio Version 17
VisualStudioVersion = 17.0.31903.59
MinimumVisualStudioVersion = 10.0.40219.1
Project("{2150E333-8FDC-42A3-9474-1A3956D46DE8}") = "src", "src", "{F6AC7B71-D8BE-458A-A85D-C79AE52D8872}"
EndProject
Project("{FAE04EC0-301F-11D3-BF4B-00C04F79EFBC}") = "Oblodai", "src\Oblodai\Oblodai.csproj", "{0C15669F-9E61-4D3A-B226-3884E7FF8101}"
EndProject
Project("{2150E333-8FDC-42A3-9474-1A3956D46DE8}") = "tests", "tests", "{0724DC39-96CD-41B2-A687-45547B6AECD2}"
EndProject
Project("{FAE04EC0-301F-11D3-BF4B-00C04F79EFBC}") = "Oblodai.Tests", "tests\Oblodai.Tests\Oblodai.Tests.csproj", "{4520D963-176A-4ED9-A91F-AE7770CE3E09}"
EndProject
Project("{2150E333-8FDC-42A3-9474-1A3956D46DE8}") = "examples", "examples", "{A992C92D-3B8E-4594-A74E-00D90F224FE4}"
EndProject
Project("{FAE04EC0-301F-11D3-BF4B-00C04F79EFBC}") = "AcceptPayment", "examples\AcceptPayment\AcceptPayment.csproj", "{D2E2E677-6E6F-4484-AB77-C87490A310C7}"
EndProject
Project("{FAE04EC0-301F-11D3-BF4B-00C04F79EFBC}") = "Payout", "examples\Payout\Payout.csproj", "{FB0448F2-A7A6-435C-96EE-46079B848554}"
EndProject
Project("{FAE04EC0-301F-11D3-BF4B-00C04F79EFBC}") = "Sandbox", "examples\Sandbox\Sandbox.csproj", "{46B3432B-DAED-4FC0-AC6A-6B368CF44F73}"
EndProject
Project("{FAE04EC0-301F-11D3-BF4B-00C04F79EFBC}") = "WebhookReceiver", "examples\WebhookReceiver\WebhookReceiver.csproj", "{742665F1-23DA-4BCA-B139-64CF3D397F18}"
EndProject
Global
	GlobalSection(SolutionConfigurationPlatforms) = preSolution
		Debug|Any CPU = Debug|Any CPU
		Release|Any CPU = Release|Any CPU
	EndGlobalSection
	GlobalSection(ProjectConfigurationPlatforms) = postSolution
		{0C15669F-9E61-4D3A-B226-3884E7FF8101}.Debug|Any CPU.ActiveCfg = Debug|Any CPU
		{0C15669F-9E61-4D3A-B226-3884E7FF8101}.Debug|Any CPU.Build.0 = Debug|Any CPU
		{0C15669F-9E61-4D3A-B226-3884E7FF8101}.Release|Any CPU.ActiveCfg = Release|Any CPU
		{0C15669F-9E61-4D3A-B226-3884E7FF8101}.Release|Any CPU.Build.0 = Release|Any CPU
		{4520D963-176A-4ED9-A91F-AE7770CE3E09}.Debug|Any CPU.ActiveCfg = Debug|Any CPU
		{4520D963-176A-4ED9-A91F-AE7770CE3E09}.Debug|Any CPU.Build.0 = Debug|Any CPU
		{4520D963-176A-4ED9-A91F-AE7770CE3E09}.Release|Any CPU.ActiveCfg = Release|Any CPU
		{4520D963-176A-4ED9-A91F-AE7770CE3E09}.Release|Any CPU.Build.0 = Release|Any CPU
		{D2E2E677-6E6F-4484-AB77-C87490A310C7}.Debug|Any CPU.ActiveCfg = Debug|Any CPU
		{D2E2E677-6E6F-4484-AB77-C87490A310C7}.Debug|Any CPU.Build.0 = Debug|Any CPU
		{D2E2E677-6E6F-4484-AB77-C87490A310C7}.Release|Any CPU.ActiveCfg = Release|Any CPU
		{D2E2E677-6E6F-4484-AB77-C87490A310C7}.Release|Any CPU.Build.0 = Release|Any CPU
		{FB0448F2-A7A6-435C-96EE-46079B848554}.Debug|Any CPU.ActiveCfg = Debug|Any CPU
		{FB0448F2-A7A6-435C-96EE-46079B848554}.Debug|Any CPU.Build.0 = Debug|Any CPU
		{FB0448F2-A7A6-435C-96EE-46079B848554}.Release|Any CPU.ActiveCfg = Release|Any CPU
		{FB0448F2-A7A6-435C-96EE-46079B848554}.Release|Any CPU.Build.0 = Release|Any CPU
		{46B3432B-DAED-4FC0-AC6A-6B368CF44F73}.Debug|Any CPU.ActiveCfg = Debug|Any CPU
		{46B3432B-DAED-4FC0-AC6A-6B368CF44F73}.Debug|Any CPU.Build.0 = Debug|Any CPU
		{46B3432B-DAED-4FC0-AC6A-6B368CF44F73}.Release|Any CPU.ActiveCfg = Release|Any CPU
		{46B3432B-DAED-4FC0-AC6A-6B368CF44F73}.Release|Any CPU.Build.0 = Release|Any CPU
		{742665F1-23DA-4BCA-B139-64CF3D397F18}.Debug|Any CPU.ActiveCfg = Debug|Any CPU
		{742665F1-23DA-4BCA-B139-64CF3D397F18}.Debug|Any CPU.Build.0 = Debug|Any CPU
		{742665F1-23DA-4BCA-B139-64CF3D397F18}.Release|Any CPU.ActiveCfg = Release|Any CPU
		{742665F1-23DA-4BCA-B139-64CF3D397F18}.Release|Any CPU.Build.0 = Release|Any CPU
	EndGlobalSection
	GlobalSection(SolutionProperties) = preSolution
		HideSolutionNode = FALSE
	EndGlobalSection
	GlobalSection(NestedProjects) = preSolution
		{0C15669F-9E61-4D3A-B226-3884E7FF8101} = {F6AC7B71-D8BE-458A-A85D-C79AE52D8872}
		{4520D963-176A-4ED9-A91F-AE7770CE3E09} = {0724DC39-96CD-41B2-A687-45547B6AECD2}
		{D2E2E677-6E6F-4484-AB77-C87490A310C7} = {A992C92D-3B8E-4594-A74E-00D90F224FE4}
		{FB0448F2-A7A6-435C-96EE-46079B848554} = {A992C92D-3B8E-4594-A74E-00D90F224FE4}
		{46B3432B-DAED-4FC0-AC6A-6B368CF44F73} = {A992C92D-3B8E-4594-A74E-00D90F224FE4}
		{742665F1-23DA-4BCA-B139-64CF3D397F18} = {A992C92D-3B8E-4594-A74E-00D90F224FE4}
	EndGlobalSection
EndGlobal
